// !$*UTF8*$!
{
	archiveVersion = 1;
	classes = {
	};
	objectVersion = 50;
	objects = {

/* Begin PBXBuildFile section */
		6EB6D6A92384F22700E91174 /* StarRating.swift in Sources */ = {isa = PBXBuildFile; fileRef = 6EB6D6A82384F22700E91174 /* StarRating.swift */; };
		6ED5A08523831A75006932F1 /* AppDelegate.swift in Sources */ = {isa = PBXBuildFile; fileRef = 6ED5A08423831A75006932F1 /* AppDelegate.swift */; };
		6ED5A08723831A75006932F1 /* SceneDelegate.swift in Sources */ = {isa = PBXBuildFile; fileRef = 6ED5A08623831A75006932F1 /* SceneDelegate.swift */; };
		6ED5A08C23831A75006932F1 /* Main.storyboard in Resources */ = {isa = PBXBuildFile; fileRef = 6ED5A08A23831A75006932F1 /* Main.storyboard */; };
		6ED5A08F23831A75006932F1 /* Progress.xcdatamodeld in Sources */ = {isa = PBXBuildFile; fileRef = 6ED5A08D23831A75006932F1 /* Progress.xcdatamodeld */; };
		6ED5A09123831A77006932F1 /* Assets.xcassets in Resources */ = {isa = PBXBuildFile; fileRef = 6ED5A09023831A77006932F1 /* Assets.xcassets */; };
		6ED5A09423831A77006932F1 /* LaunchScreen.storyboard in Resources */ = {isa = PBXBuildFile; fileRef = 6ED5A09223831A77006932F1 /* LaunchScreen.storyboard */; };
		6ED5A09F23831A77006932F1 /* ProgressTests.swift in Sources */ = {isa = PBXBuildFile; fileRef = 6ED5A09E23831A77006932F1 /* ProgressTests.swift */; };
		6ED5A0AA23831A77006932F1 /* ProgressUITests.swift in Sources */ = {isa = PBXBuildFile; fileRef = 6ED5A0A923831A77006932F1 /* ProgressUITests.swift */; };
		6ED5A0BE23832330006932F1 /* ObjectiveTableViewCell.swift in Sources */ = {isa = PBXBuildFile; fileRef = 6ED5A0BD23832330006932F1 /* ObjectiveTableViewCell.swift */; };
		6ED5A0C0238324EB006932F1 /* ModuleTableViewCell.swift in Sources */ = {isa = PBXBuildFile; fileRef = 6ED5A0BF238324EB006932F1 /* ModuleTableViewCell.swift */; };
		6ED5A0C223834DE0006932F1 /* ModulesTableViewController.swift in Sources */ = {isa = PBXBuildFile; fileRef = 6ED5A0C123834DE0006932F1 /* ModulesTableViewController.swift */; };
		6ED5A0C423834DEF006932F1 /* ModuleDetailViewController.swift in Sources */ = {isa = PBXBuildFile; fileRef = 6ED5A0C323834DEF006932F1 /* ModuleDetailViewController.swift */; };
		6ED5A0C623834F44006932F1 /* ModuleController.swift in Sources */ = {isa = PBXBuildFile; fileRef = 6ED5A0C523834F44006932F1 /* ModuleController.swift */; };
		6ED5A0C823834F4E006932F1 /* CareerController.swift in Sources */ = {isa = PBXBuildFile; fileRef = 6ED5A0C723834F4E006932F1 /* CareerController.swift */; };
		6ED5A0CA23835EE3006932F1 /* CoreDataStack.swift in Sources */ = {isa = PBXBuildFile; fileRef = 6ED5A0C923835EE3006932F1 /* CoreDataStack.swift */; };
		6ED5A0CC23835F5D006932F1 /* Module+Convenience.swift in Sources */ = {isa = PBXBuildFile; fileRef = 6ED5A0CB23835F5D006932F1 /* Module+Convenience.swift */; };
		6ED5A0CE2384671C006932F1 /* Modules.json in Resources */ = {isa = PBXBuildFile; fileRef = 6ED5A0CD2384671C006932F1 /* Modules.json */; };
		6ED5A0D023849245006932F1 /* ModuleRepresentation.swift in Sources */ = {isa = PBXBuildFile; fileRef = 6ED5A0CF23849245006932F1 /* ModuleRepresentation.swift */; };
/* End PBXBuildFile section */

/* Begin PBXContainerItemProxy section */
		6ED5A09B23831A77006932F1 /* PBXContainerItemProxy */ = {
			isa = PBXContainerItemProxy;
			containerPortal = 6ED5A07923831A75006932F1 /* Project object */;
			proxyType = 1;
			remoteGlobalIDString = 6ED5A08023831A75006932F1;
			remoteInfo = Progress;
		};
		6ED5A0A623831A77006932F1 /* PBXContainerItemProxy */ = {
			isa = PBXContainerItemProxy;
			containerPortal = 6ED5A07923831A75006932F1 /* Project object */;
			proxyType = 1;
			remoteGlobalIDString = 6ED5A08023831A75006932F1;
			remoteInfo = Progress;
		};
/* End PBXContainerItemProxy section */

/* Begin PBXFileReference section */
		6EB6D6A82384F22700E91174 /* StarRating.swift */ = {isa = PBXFileReference; lastKnownFileType = sourcecode.swift; path = StarRating.swift; sourceTree = "<group>"; };
		6ED5A08123831A75006932F1 /* LambdaProgress.app */ = {isa = PBXFileReference; explicitFileType = wrapper.application; includeInIndex = 0; path = LambdaProgress.app; sourceTree = BUILT_PRODUCTS_DIR; };
		6ED5A08423831A75006932F1 /* AppDelegate.swift */ = {isa = PBXFileReference; lastKnownFileType = sourcecode.swift; path = AppDelegate.swift; sourceTree = "<group>"; };
		6ED5A08623831A75006932F1 /* SceneDelegate.swift */ = {isa = PBXFileReference; lastKnownFileType = sourcecode.swift; path = SceneDelegate.swift; sourceTree = "<group>"; };
		6ED5A08B23831A75006932F1 /* Base */ = {isa = PBXFileReference; lastKnownFileType = file.storyboard; name = Base; path = Base.lproj/Main.storyboard; sourceTree = "<group>"; };
		6ED5A08E23831A75006932F1 /* Progress.xcdatamodel */ = {isa = PBXFileReference; lastKnownFileType = wrapper.xcdatamodel; path = Progress.xcdatamodel; sourceTree = "<group>"; };
		6ED5A09023831A77006932F1 /* Assets.xcassets */ = {isa = PBXFileReference; lastKnownFileType = folder.assetcatalog; path = Assets.xcassets; sourceTree = "<group>"; };
		6ED5A09323831A77006932F1 /* Base */ = {isa = PBXFileReference; lastKnownFileType = file.storyboard; name = Base; path = Base.lproj/LaunchScreen.storyboard; sourceTree = "<group>"; };
		6ED5A09523831A77006932F1 /* Info.plist */ = {isa = PBXFileReference; lastKnownFileType = text.plist.xml; path = Info.plist; sourceTree = "<group>"; };
		6ED5A09A23831A77006932F1 /* ProgressTests.xctest */ = {isa = PBXFileReference; explicitFileType = wrapper.cfbundle; includeInIndex = 0; path = ProgressTests.xctest; sourceTree = BUILT_PRODUCTS_DIR; };
		6ED5A09E23831A77006932F1 /* ProgressTests.swift */ = {isa = PBXFileReference; lastKnownFileType = sourcecode.swift; path = ProgressTests.swift; sourceTree = "<group>"; };
		6ED5A0A023831A77006932F1 /* Info.plist */ = {isa = PBXFileReference; lastKnownFileType = text.plist.xml; path = Info.plist; sourceTree = "<group>"; };
		6ED5A0A523831A77006932F1 /* ProgressUITests.xctest */ = {isa = PBXFileReference; explicitFileType = wrapper.cfbundle; includeInIndex = 0; path = ProgressUITests.xctest; sourceTree = BUILT_PRODUCTS_DIR; };
		6ED5A0A923831A77006932F1 /* ProgressUITests.swift */ = {isa = PBXFileReference; lastKnownFileType = sourcecode.swift; path = ProgressUITests.swift; sourceTree = "<group>"; };
		6ED5A0AB23831A77006932F1 /* Info.plist */ = {isa = PBXFileReference; lastKnownFileType = text.plist.xml; path = Info.plist; sourceTree = "<group>"; };
		6ED5A0BD23832330006932F1 /* ObjectiveTableViewCell.swift */ = {isa = PBXFileReference; lastKnownFileType = sourcecode.swift; path = ObjectiveTableViewCell.swift; sourceTree = "<group>"; };
		6ED5A0BF238324EB006932F1 /* ModuleTableViewCell.swift */ = {isa = PBXFileReference; lastKnownFileType = sourcecode.swift; path = ModuleTableViewCell.swift; sourceTree = "<group>"; };
		6ED5A0C123834DE0006932F1 /* ModulesTableViewController.swift */ = {isa = PBXFileReference; lastKnownFileType = sourcecode.swift; path = ModulesTableViewController.swift; sourceTree = "<group>"; };
		6ED5A0C323834DEF006932F1 /* ModuleDetailViewController.swift */ = {isa = PBXFileReference; lastKnownFileType = sourcecode.swift; path = ModuleDetailViewController.swift; sourceTree = "<group>"; };
		6ED5A0C523834F44006932F1 /* ModuleController.swift */ = {isa = PBXFileReference; lastKnownFileType = sourcecode.swift; path = ModuleController.swift; sourceTree = "<group>"; };
		6ED5A0C723834F4E006932F1 /* CareerController.swift */ = {isa = PBXFileReference; lastKnownFileType = sourcecode.swift; path = CareerController.swift; sourceTree = "<group>"; };
		6ED5A0C923835EE3006932F1 /* CoreDataStack.swift */ = {isa = PBXFileReference; lastKnownFileType = sourcecode.swift; path = CoreDataStack.swift; sourceTree = "<group>"; };
		6ED5A0CB23835F5D006932F1 /* Module+Convenience.swift */ = {isa = PBXFileReference; lastKnownFileType = sourcecode.swift; path = "Module+Convenience.swift"; sourceTree = "<group>"; };
		6ED5A0CD2384671C006932F1 /* Modules.json */ = {isa = PBXFileReference; fileEncoding = 4; lastKnownFileType = text.json; path = Modules.json; sourceTree = "<group>"; };
		6ED5A0CF23849245006932F1 /* ModuleRepresentation.swift */ = {isa = PBXFileReference; lastKnownFileType = sourcecode.swift; path = ModuleRepresentation.swift; sourceTree = "<group>"; };
/* End PBXFileReference section */

/* Begin PBXFrameworksBuildPhase section */
		6ED5A07E23831A75006932F1 /* Frameworks */ = {
			isa = PBXFrameworksBuildPhase;
			buildActionMask = 2147483647;
			files = (
			);
			runOnlyForDeploymentPostprocessing = 0;
		};
		6ED5A09723831A77006932F1 /* Frameworks */ = {
			isa = PBXFrameworksBuildPhase;
			buildActionMask = 2147483647;
			files = (
			);
			runOnlyForDeploymentPostprocessing = 0;
		};
		6ED5A0A223831A77006932F1 /* Frameworks */ = {
			isa = PBXFrameworksBuildPhase;
			buildActionMask = 2147483647;
			files = (
			);
			runOnlyForDeploymentPostprocessing = 0;
		};
/* End PBXFrameworksBuildPhase section */

/* Begin PBXGroup section */
		6EB6D6A72384F1F800E91174 /* Helpers */ = {
			isa = PBXGroup;
			children = (
				6EB6D6A82384F22700E91174 /* StarRating.swift */,
			);
			path = Helpers;
			sourceTree = "<group>";
		};
		6ED5A07823831A75006932F1 = {
			isa = PBXGroup;
			children = (
				6ED5A08323831A75006932F1 /* Progress */,
				6ED5A09D23831A77006932F1 /* ProgressTests */,
				6ED5A0A823831A77006932F1 /* ProgressUITests */,
				6ED5A08223831A75006932F1 /* Products */,
			);
			sourceTree = "<group>";
		};
		6ED5A08223831A75006932F1 /* Products */ = {
			isa = PBXGroup;
			children = (
				6ED5A08123831A75006932F1 /* LambdaProgress.app */,
				6ED5A09A23831A77006932F1 /* ProgressTests.xctest */,
				6ED5A0A523831A77006932F1 /* ProgressUITests.xctest */,
			);
			name = Products;
			sourceTree = "<group>";
		};
		6ED5A08323831A75006932F1 /* Progress */ = {
			isa = PBXGroup;
			children = (
				6ED5A0B723831AA1006932F1 /* Model */,
				6ED5A0BA23831B2C006932F1 /* Model Controller */,
				6ED5A0BB23831B33006932F1 /* Views */,
				6ED5A0BC23831B37006932F1 /* View Controllers */,
				6EB6D6A72384F1F800E91174 /* Helpers */,
				6ED5A0B823831AAA006932F1 /* Storyboards */,
				6ED5A0B923831AC0006932F1 /* Resources */,
			);
			path = Progress;
			sourceTree = "<group>";
		};
		6ED5A09D23831A77006932F1 /* ProgressTests */ = {
			isa = PBXGroup;
			children = (
				6ED5A09E23831A77006932F1 /* ProgressTests.swift */,
				6ED5A0A023831A77006932F1 /* Info.plist */,
			);
			path = ProgressTests;
			sourceTree = "<group>";
		};
		6ED5A0A823831A77006932F1 /* ProgressUITests */ = {
			isa = PBXGroup;
			children = (
				6ED5A0A923831A77006932F1 /* ProgressUITests.swift */,
				6ED5A0AB23831A77006932F1 /* Info.plist */,
			);
			path = ProgressUITests;
			sourceTree = "<group>";
		};
		6ED5A0B723831AA1006932F1 /* Model */ = {
			isa = PBXGroup;
			children = (
				6ED5A08D23831A75006932F1 /* Progress.xcdatamodeld */,
				6ED5A0C923835EE3006932F1 /* CoreDataStack.swift */,
				6ED5A0CB23835F5D006932F1 /* Module+Convenience.swift */,
				6ED5A0CF23849245006932F1 /* ModuleRepresentation.swift */,
			);
			path = Model;
			sourceTree = "<group>";
		};
		6ED5A0B823831AAA006932F1 /* Storyboards */ = {
			isa = PBXGroup;
			children = (
				6ED5A08A23831A75006932F1 /* Main.storyboard */,
				6ED5A09223831A77006932F1 /* LaunchScreen.storyboard */,
			);
			path = Storyboards;
			sourceTree = "<group>";
		};
		6ED5A0B923831AC0006932F1 /* Resources */ = {
			isa = PBXGroup;
			children = (
				6ED5A08423831A75006932F1 /* AppDelegate.swift */,
				6ED5A08623831A75006932F1 /* SceneDelegate.swift */,
				6ED5A09023831A77006932F1 /* Assets.xcassets */,
				6ED5A09523831A77006932F1 /* Info.plist */,
			);
			path = Resources;
			sourceTree = "<group>";
		};
		6ED5A0BA23831B2C006932F1 /* Model Controller */ = {
			isa = PBXGroup;
			children = (
				6ED5A0CD2384671C006932F1 /* Modules.json */,
				6ED5A0C523834F44006932F1 /* ModuleController.swift */,
				6ED5A0C723834F4E006932F1 /* CareerController.swift */,
			);
			path = "Model Controller";
			sourceTree = "<group>";
		};
		6ED5A0BB23831B33006932F1 /* Views */ = {
			isa = PBXGroup;
			children = (
				6ED5A0BF238324EB006932F1 /* ModuleTableViewCell.swift */,
				6ED5A0BD23832330006932F1 /* ObjectiveTableViewCell.swift */,
			);
			path = Views;
			sourceTree = "<group>";
		};
		6ED5A0BC23831B37006932F1 /* View Controllers */ = {
			isa = PBXGroup;
			children = (
				6ED5A0C123834DE0006932F1 /* ModulesTableViewController.swift */,
				6ED5A0C323834DEF006932F1 /* ModuleDetailViewController.swift */,
			);
			name = "View Controllers";
			sourceTree = "<group>";
		};
/* End PBXGroup section */

/* Begin PBXNativeTarget section */
		6ED5A08023831A75006932F1 /* Progress */ = {
			isa = PBXNativeTarget;
			buildConfigurationList = 6ED5A0AE23831A77006932F1 /* Build configuration list for PBXNativeTarget "Progress" */;
			buildPhases = (
				6ED5A07D23831A75006932F1 /* Sources */,
				6ED5A07E23831A75006932F1 /* Frameworks */,
				6ED5A07F23831A75006932F1 /* Resources */,
			);
			buildRules = (
			);
			dependencies = (
			);
			name = Progress;
			productName = Progress;
			productReference = 6ED5A08123831A75006932F1 /* LambdaProgress.app */;
			productType = "com.apple.product-type.application";
		};
		6ED5A09923831A77006932F1 /* ProgressTests */ = {
			isa = PBXNativeTarget;
			buildConfigurationList = 6ED5A0B123831A77006932F1 /* Build configuration list for PBXNativeTarget "ProgressTests" */;
			buildPhases = (
				6ED5A09623831A77006932F1 /* Sources */,
				6ED5A09723831A77006932F1 /* Frameworks */,
				6ED5A09823831A77006932F1 /* Resources */,
			);
			buildRules = (
			);
			dependencies = (
				6ED5A09C23831A77006932F1 /* PBXTargetDependency */,
			);
			name = ProgressTests;
			productName = ProgressTests;
			productReference = 6ED5A09A23831A77006932F1 /* ProgressTests.xctest */;
			productType = "com.apple.product-type.bundle.unit-test";
		};
		6ED5A0A423831A77006932F1 /* ProgressUITests */ = {
			isa = PBXNativeTarget;
			buildConfigurationList = 6ED5A0B423831A77006932F1 /* Build configuration list for PBXNativeTarget "ProgressUITests" */;
			buildPhases = (
				6ED5A0A123831A77006932F1 /* Sources */,
				6ED5A0A223831A77006932F1 /* Frameworks */,
				6ED5A0A323831A77006932F1 /* Resources */,
			);
			buildRules = (
			);
			dependencies = (
				6ED5A0A723831A77006932F1 /* PBXTargetDependency */,
			);
			name = ProgressUITests;
			productName = ProgressUITests;
			productReference = 6ED5A0A523831A77006932F1 /* ProgressUITests.xctest */;
			productType = "com.apple.product-type.bundle.ui-testing";
		};
/* End PBXNativeTarget section */

/* Begin PBXProject section */
		6ED5A07923831A75006932F1 /* Project object */ = {
			isa = PBXProject;
			attributes = {
				LastSwiftUpdateCheck = 1120;
				LastUpgradeCheck = 1120;
				ORGANIZATIONNAME = "Mitchell Budge";
				TargetAttributes = {
					6ED5A08023831A75006932F1 = {
						CreatedOnToolsVersion = 11.2.1;
					};
					6ED5A09923831A77006932F1 = {
						CreatedOnToolsVersion = 11.2.1;
						TestTargetID = 6ED5A08023831A75006932F1;
					};
					6ED5A0A423831A77006932F1 = {
						CreatedOnToolsVersion = 11.2.1;
						TestTargetID = 6ED5A08023831A75006932F1;
					};
				};
			};
			buildConfigurationList = 6ED5A07C23831A75006932F1 /* Build configuration list for PBXProject "Progress" */;
			compatibilityVersion = "Xcode 9.3";
			developmentRegion = en;
			hasScannedForEncodings = 0;
			knownRegions = (
				en,
				Base,
			);
			mainGroup = 6ED5A07823831A75006932F1;
			productRefGroup = 6ED5A08223831A75006932F1 /* Products */;
			projectDirPath = "";
			projectRoot = "";
			targets = (
				6ED5A08023831A75006932F1 /* Progress */,
				6ED5A09923831A77006932F1 /* ProgressTests */,
				6ED5A0A423831A77006932F1 /* ProgressUITests */,
			);
		};
/* End PBXProject section */

/* Begin PBXResourcesBuildPhase section */
		6ED5A07F23831A75006932F1 /* Resources */ = {
			isa = PBXResourcesBuildPhase;
			buildActionMask = 2147483647;
			files = (
				6ED5A09423831A77006932F1 /* LaunchScreen.storyboard in Resources */,
				6ED5A0CE2384671C006932F1 /* Modules.json in Resources */,
				6ED5A09123831A77006932F1 /* Assets.xcassets in Resources */,
				6ED5A08C23831A75006932F1 /* Main.storyboard in Resources */,
			);
			runOnlyForDeploymentPostprocessing = 0;
		};
		6ED5A09823831A77006932F1 /* Resources */ = {
			isa = PBXResourcesBuildPhase;
			buildActionMask = 2147483647;
			files = (
			);
			runOnlyForDeploymentPostprocessing = 0;
		};
		6ED5A0A323831A77006932F1 /* Resources */ = {
			isa = PBXResourcesBuildPhase;
			buildActionMask = 2147483647;
			files = (
			);
			runOnlyForDeploymentPostprocessing = 0;
		};
/* End PBXResourcesBuildPhase section */

/* Begin PBXSourcesBuildPhase section */
		6ED5A07D23831A75006932F1 /* Sources */ = {
			isa = PBXSourcesBuildPhase;
			buildActionMask = 2147483647;
			files = (
				6EB6D6A92384F22700E91174 /* StarRating.swift in Sources */,
				6ED5A0C223834DE0006932F1 /* ModulesTableViewController.swift in Sources */,
				6ED5A08523831A75006932F1 /* AppDelegate.swift in Sources */,
				6ED5A0C423834DEF006932F1 /* ModuleDetailViewController.swift in Sources */,
				6ED5A0C623834F44006932F1 /* ModuleController.swift in Sources */,
				6ED5A0BE23832330006932F1 /* ObjectiveTableViewCell.swift in Sources */,
				6ED5A0CC23835F5D006932F1 /* Module+Convenience.swift in Sources */,
				6ED5A0CA23835EE3006932F1 /* CoreDataStack.swift in Sources */,
				6ED5A0C823834F4E006932F1 /* CareerController.swift in Sources */,
				6ED5A0C0238324EB006932F1 /* ModuleTableViewCell.swift in Sources */,
				6ED5A08F23831A75006932F1 /* Progress.xcdatamodeld in Sources */,
				6ED5A0D023849245006932F1 /* ModuleRepresentation.swift in Sources */,
				6ED5A08723831A75006932F1 /* SceneDelegate.swift in Sources */,
			);
			runOnlyForDeploymentPostprocessing = 0;
		};
		6ED5A09623831A77006932F1 /* Sources */ = {
			isa = PBXSourcesBuildPhase;
			buildActionMask = 2147483647;
			files = (
				6ED5A09F23831A77006932F1 /* ProgressTests.swift in Sources */,
			);
			runOnlyForDeploymentPostprocessing = 0;
		};
		6ED5A0A123831A77006932F1 /* Sources */ = {
			isa = PBXSourcesBuildPhase;
			buildActionMask = 2147483647;
			files = (
				6ED5A0AA23831A77006932F1 /* ProgressUITests.swift in Sources */,
			);
			runOnlyForDeploymentPostprocessing = 0;
		};
/* End PBXSourcesBuildPhase section */

/* Begin PBXTargetDependency section */
		6ED5A09C23831A77006932F1 /* PBXTargetDependency */ = {
			isa = PBXTargetDependency;
			target = 6ED5A08023831A75006932F1 /* Progress */;
			targetProxy = 6ED5A09B23831A77006932F1 /* PBXContainerItemProxy */;
		};
		6ED5A0A723831A77006932F1 /* PBXTargetDependency */ = {
			isa = PBXTargetDependency;
			target = 6ED5A08023831A75006932F1 /* Progress */;
			targetProxy = 6ED5A0A623831A77006932F1 /* PBXContainerItemProxy */;
		};
/* End PBXTargetDependency section */

/* Begin PBXVariantGroup section */
		6ED5A08A23831A75006932F1 /* Main.storyboard */ = {
			isa = PBXVariantGroup;
			children = (
				6ED5A08B23831A75006932F1 /* Base */,
			);
			name = Main.storyboard;
			sourceTree = "<group>";
		};
		6ED5A09223831A77006932F1 /* LaunchScreen.storyboard */ = {
			isa = PBXVariantGroup;
			children = (
				6ED5A09323831A77006932F1 /* Base */,
			);
			name = LaunchScreen.storyboard;
			sourceTree = "<group>";
		};
/* End PBXVariantGroup section */

/* Begin XCBuildConfiguration section */
		6ED5A0AC23831A77006932F1 /* Debug */ = {
			isa = XCBuildConfiguration;
			buildSettings = {
				ALWAYS_SEARCH_USER_PATHS = NO;
				CLANG_ANALYZER_NONNULL = YES;
				CLANG_ANALYZER_NUMBER_OBJECT_CONVERSION = YES_AGGRESSIVE;
				CLANG_CXX_LANGUAGE_STANDARD = "gnu++14";
				CLANG_CXX_LIBRARY = "libc++";
				CLANG_ENABLE_MODULES = YES;
				CLANG_ENABLE_OBJC_ARC = YES;
				CLANG_ENABLE_OBJC_WEAK = YES;
				CLANG_WARN_BLOCK_CAPTURE_AUTORELEASING = YES;
				CLANG_WARN_BOOL_CONVERSION = YES;
				CLANG_WARN_COMMA = YES;
				CLANG_WARN_CONSTANT_CONVERSION = YES;
				CLANG_WARN_DEPRECATED_OBJC_IMPLEMENTATIONS = YES;
				CLANG_WARN_DIRECT_OBJC_ISA_USAGE = YES_ERROR;
				CLANG_WARN_DOCUMENTATION_COMMENTS = YES;
				CLANG_WARN_EMPTY_BODY = YES;
				CLANG_WARN_ENUM_CONVERSION = YES;
				CLANG_WARN_INFINITE_RECURSION = YES;
				CLANG_WARN_INT_CONVERSION = YES;
				CLANG_WARN_NON_LITERAL_NULL_CONVERSION = YES;
				CLANG_WARN_OBJC_IMPLICIT_RETAIN_SELF = YES;
				CLANG_WARN_OBJC_LITERAL_CONVERSION = YES;
				CLANG_WARN_OBJC_ROOT_CLASS = YES_ERROR;
				CLANG_WARN_RANGE_LOOP_ANALYSIS = YES;
				CLANG_WARN_STRICT_PROTOTYPES = YES;
				CLANG_WARN_SUSPICIOUS_MOVE = YES;
				CLANG_WARN_UNGUARDED_AVAILABILITY = YES_AGGRESSIVE;
				CLANG_WARN_UNREACHABLE_CODE = YES;
				CLANG_WARN__DUPLICATE_METHOD_MATCH = YES;
				COPY_PHASE_STRIP = NO;
				DEBUG_INFORMATION_FORMAT = dwarf;
				ENABLE_STRICT_OBJC_MSGSEND = YES;
				ENABLE_TESTABILITY = YES;
				GCC_C_LANGUAGE_STANDARD = gnu11;
				GCC_DYNAMIC_NO_PIC = NO;
				GCC_NO_COMMON_BLOCKS = YES;
				GCC_OPTIMIZATION_LEVEL = 0;
				GCC_PREPROCESSOR_DEFINITIONS = (
					"DEBUG=1",
					"$(inherited)",
				);
				GCC_WARN_64_TO_32_BIT_CONVERSION = YES;
				GCC_WARN_ABOUT_RETURN_TYPE = YES_ERROR;
				GCC_WARN_UNDECLARED_SELECTOR = YES;
				GCC_WARN_UNINITIALIZED_AUTOS = YES_AGGRESSIVE;
				GCC_WARN_UNUSED_FUNCTION = YES;
				GCC_WARN_UNUSED_VARIABLE = YES;
				IPHONEOS_DEPLOYMENT_TARGET = 13.2;
				MTL_ENABLE_DEBUG_INFO = INCLUDE_SOURCE;
				MTL_FAST_MATH = YES;
				ONLY_ACTIVE_ARCH = YES;
				SDKROOT = iphoneos;
				SWIFT_ACTIVE_COMPILATION_CONDITIONS = DEBUG;
				SWIFT_OPTIMIZATION_LEVEL = "-Onone";
			};
			name = Debug;
		};
		6ED5A0AD23831A77006932F1 /* Release */ = {
			isa = XCBuildConfiguration;
			buildSettings = {
				ALWAYS_SEARCH_USER_PATHS = NO;
				CLANG_ANALYZER_NONNULL = YES;
				CLANG_ANALYZER_NUMBER_OBJECT_CONVERSION = YES_AGGRESSIVE;
				CLANG_CXX_LANGUAGE_STANDARD = "gnu++14";
				CLANG_CXX_LIBRARY = "libc++";
				CLANG_ENABLE_MODULES = YES;
				CLANG_ENABLE_OBJC_ARC = YES;
				CLANG_ENABLE_OBJC_WEAK = YES;
				CLANG_WARN_BLOCK_CAPTURE_AUTORELEASING = YES;
				CLANG_WARN_BOOL_CONVERSION = YES;
				CLANG_WARN_COMMA = YES;
				CLANG_WARN_CONSTANT_CONVERSION = YES;
				CLANG_WARN_DEPRECATED_OBJC_IMPLEMENTATIONS = YES;
				CLANG_WARN_DIRECT_OBJC_ISA_USAGE = YES_ERROR;
				CLANG_WARN_DOCUMENTATION_COMMENTS = YES;
				CLANG_WARN_EMPTY_BODY = YES;
				CLANG_WARN_ENUM_CONVERSION = YES;
				CLANG_WARN_INFINITE_RECURSION = YES;
				CLANG_WARN_INT_CONVERSION = YES;
				CLANG_WARN_NON_LITERAL_NULL_CONVERSION = YES;
				CLANG_WARN_OBJC_IMPLICIT_RETAIN_SELF = YES;
				CLANG_WARN_OBJC_LITERAL_CONVERSION = YES;
				CLANG_WARN_OBJC_ROOT_CLASS = YES_ERROR;
				CLANG_WARN_RANGE_LOOP_ANALYSIS = YES;
				CLANG_WARN_STRICT_PROTOTYPES = YES;
				CLANG_WARN_SUSPICIOUS_MOVE = YES;
				CLANG_WARN_UNGUARDED_AVAILABILITY = YES_AGGRESSIVE;
				CLANG_WARN_UNREACHABLE_CODE = YES;
				CLANG_WARN__DUPLICATE_METHOD_MATCH = YES;
				COPY_PHASE_STRIP = NO;
				DEBUG_INFORMATION_FORMAT = "dwarf-with-dsym";
				ENABLE_NS_ASSERTIONS = NO;
				ENABLE_STRICT_OBJC_MSGSEND = YES;
				GCC_C_LANGUAGE_STANDARD = gnu11;
				GCC_NO_COMMON_BLOCKS = YES;
				GCC_WARN_64_TO_32_BIT_CONVERSION = YES;
				GCC_WARN_ABOUT_RETURN_TYPE = YES_ERROR;
				GCC_WARN_UNDECLARED_SELECTOR = YES;
				GCC_WARN_UNINITIALIZED_AUTOS = YES_AGGRESSIVE;
				GCC_WARN_UNUSED_FUNCTION = YES;
				GCC_WARN_UNUSED_VARIABLE = YES;
				IPHONEOS_DEPLOYMENT_TARGET = 13.2;
				MTL_ENABLE_DEBUG_INFO = NO;
				MTL_FAST_MATH = YES;
				SDKROOT = iphoneos;
				SWIFT_COMPILATION_MODE = wholemodule;
				SWIFT_OPTIMIZATION_LEVEL = "-O";
				VALIDATE_PRODUCT = YES;
			};
			name = Release;
		};
		6ED5A0AF23831A77006932F1 /* Debug */ = {
			isa = XCBuildConfiguration;
			buildSettings = {
				ASSETCATALOG_COMPILER_APPICON_NAME = AppIcon;
				CODE_SIGN_STYLE = Automatic;
				DEVELOPMENT_TEAM = VXUQXR6S56;
				INFOPLIST_FILE = Progress/Resources/Info.plist;
				IPHONEOS_DEPLOYMENT_TARGET = 13.1;
				LD_RUNPATH_SEARCH_PATHS = (
					"$(inherited)",
					"@executable_path/Frameworks",
				);
				PRODUCT_BUNDLE_IDENTIFIER = com.lambdaschool.lambdaprogress;
				PRODUCT_NAME = LambdaProgress;
				SWIFT_VERSION = 5.0;
				TARGETED_DEVICE_FAMILY = "1,2";
			};
			name = Debug;
		};
		6ED5A0B023831A77006932F1 /* Release */ = {
			isa = XCBuildConfiguration;
			buildSettings = {
				ASSETCATALOG_COMPILER_APPICON_NAME = AppIcon;
				CODE_SIGN_STYLE = Automatic;
				DEVELOPMENT_TEAM = "";
				INFOPLIST_FILE = Progress/Resources/Info.plist;
				IPHONEOS_DEPLOYMENT_TARGET = 13.1;
				LD_RUNPATH_SEARCH_PATHS = (
					"$(inherited)",
					"@executable_path/Frameworks",
				);
				PRODUCT_BUNDLE_IDENTIFIER = com.lambdaschool.lambdaprogress;
				PRODUCT_NAME = LambdaProgress;
				SWIFT_VERSION = 5.0;
				TARGETED_DEVICE_FAMILY = "1,2";
			};
			name = Release;
		};
		6ED5A0B223831A77006932F1 /* Debug */ = {
			isa = XCBuildConfiguration;
			buildSettings = {
				ALWAYS_EMBED_SWIFT_STANDARD_LIBRARIES = YES;
				BUNDLE_LOADER = "$(TEST_HOST)";
				CODE_SIGN_STYLE = Automatic;
				DEVELOPMENT_TEAM = K3F959XXFV;
				INFOPLIST_FILE = ProgressTests/Info.plist;
				IPHONEOS_DEPLOYMENT_TARGET = 13.2;
				LD_RUNPATH_SEARCH_PATHS = (
					"$(inherited)",
					"@executable_path/Frameworks",
					"@loader_path/Frameworks",
				);
				PRODUCT_BUNDLE_IDENTIFIER = com.mitchellgbudge.ProgressTests;
				PRODUCT_NAME = "$(TARGET_NAME)";
				SWIFT_VERSION = 5.0;
				TARGETED_DEVICE_FAMILY = "1,2";
				TEST_HOST = "$(BUILT_PRODUCTS_DIR)/Progress.app/Progress";
			};
			name = Debug;
		};
		6ED5A0B323831A77006932F1 /* Release */ = {
			isa = XCBuildConfiguration;
			buildSettings = {
				ALWAYS_EMBED_SWIFT_STANDARD_LIBRARIES = YES;
				BUNDLE_LOADER = "$(TEST_HOST)";
				CODE_SIGN_STYLE = Automatic;
				DEVELOPMENT_TEAM = K3F959XXFV;
				INFOPLIST_FILE = ProgressTests/Info.plist;
				IPHONEOS_DEPLOYMENT_TARGET = 13.2;
				LD_RUNPATH_SEARCH_PATHS = (
					"$(inherited)",
					"@executable_path/Frameworks",
					"@loader_path/Frameworks",
				);
				PRODUCT_BUNDLE_IDENTIFIER = com.mitchellgbudge.ProgressTests;
				PRODUCT_NAME = "$(TARGET_NAME)";
				SWIFT_VERSION = 5.0;
				TARGETED_DEVICE_FAMILY = "1,2";
				TEST_HOST = "$(BUILT_PRODUCTS_DIR)/Progress.app/Progress";
			};
			name = Release;
		};
		6ED5A0B523831A77006932F1 /* Debug */ = {
			isa = XCBuildConfiguration;
			buildSettings = {
				ALWAYS_EMBED_SWIFT_STANDARD_LIBRARIES = YES;
				CODE_SIGN_STYLE = Automatic;
				DEVELOPMENT_TEAM = K3F959XXFV;
				INFOPLIST_FILE = ProgressUITests/Info.plist;
				LD_RUNPATH_SEARCH_PATHS = (
					"$(inherited)",
					"@executable_path/Frameworks",
					"@loader_path/Frameworks",
				);
				PRODUCT_BUNDLE_IDENTIFIER = com.mitchellgbudge.ProgressUITests;
				PRODUCT_NAME = "$(TARGET_NAME)";
				SWIFT_VERSION = 5.0;
				TARGETED_DEVICE_FAMILY = "1,2";
				TEST_TARGET_NAME = Progress;
			};
			name = Debug;
		};
		6ED5A0B623831A77006932F1 /* Release */ = {
			isa = XCBuildConfiguration;
			buildSettings = {
				ALWAYS_EMBED_SWIFT_STANDARD_LIBRARIES = YES;
				CODE_SIGN_STYLE = Automatic;
				DEVELOPMENT_TEAM = K3F959XXFV;
				INFOPLIST_FILE = ProgressUITests/Info.plist;
				LD_RUNPATH_SEARCH_PATHS = (
					"$(inherited)",
					"@executable_path/Frameworks",
					"@loader_path/Frameworks",
				);
				PRODUCT_BUNDLE_IDENTIFIER = com.mitchellgbudge.ProgressUITests;
				PRODUCT_NAME = "$(TARGET_NAME)";
				SWIFT_VERSION = 5.0;
				TARGETED_DEVICE_FAMILY = "1,2";
				TEST_TARGET_NAME = Progress;
			};
			name = Release;
		};
/* End XCBuildConfiguration section */

/* Begin XCConfigurationList section */
		6ED5A07C23831A75006932F1 /* Build configuration list for PBXProject "Progress" */ = {
			isa = XCConfigurationList;
			buildConfigurations = (
				6ED5A0AC23831A77006932F1 /* Debug */,
				6ED5A0AD23831A77006932F1 /* Release */,
			);
			defaultConfigurationIsVisible = 0;
			defaultConfigurationName = Release;
		};
		6ED5A0AE23831A77006932F1 /* Build configuration list for PBXNativeTarget "Progress" */ = {
			isa = XCConfigurationList;
			buildConfigurations = (
				6ED5A0AF23831A77006932F1 /* Debug */,
				6ED5A0B023831A77006932F1 /* Release */,
			);
			defaultConfigurationIsVisible = 0;
			defaultConfigurationName = Release;
		};
		6ED5A0B123831A77006932F1 /* Build configuration list for PBXNativeTarget "ProgressTests" */ = {
			isa = XCConfigurationList;
			buildConfigurations = (
				6ED5A0B223831A77006932F1 /* Debug */,
				6ED5A0B323831A77006932F1 /* Release */,
			);
			defaultConfigurationIsVisible = 0;
			defaultConfigurationName = Release;
		};
		6ED5A0B423831A77006932F1 /* Build configuration list for PBXNativeTarget "ProgressUITests" */ = {
			isa = XCConfigurationList;
			buildConfigurations = (
				6ED5A0B523831A77006932F1 /* Debug */,
				6ED5A0B623831A77006932F1 /* Release */,
			);
			defaultConfigurationIsVisible = 0;
			defaultConfigurationName = Release;
		};
/* End XCConfigurationList section */

/* Begin XCVersionGroup section */
		6ED5A08D23831A75006932F1 /* Progress.xcdatamodeld */ = {
			isa = XCVersionGroup;
			children = (
				6ED5A08E23831A75006932F1 /* Progress.xcdatamodel */,
			);
			currentVersion = 6ED5A08E23831A75006932F1 /* Progress.xcdatamodel */;
			path = Progress.xcdatamodeld;
			sourceTree = "<group>";
			versionGroupType = wrapper.xcdatamodel;
		};
/* End XCVersionGroup section */
	};
	rootObject = 6ED5A07923831A75006932F1 /* Project object */;
}
